// !$*UTF8*$!
{
	archiveVersion = 1;
	classes = {
	};
	objectVersion = 50;
	objects = {

/* Begin PBXBuildFile section */
		882D59152610AF8100EB956C /* GameSettings.swift in Sources */ = {isa = PBXBuildFile; fileRef = 882D59142610AF8100EB956C /* GameSettings.swift */; };
		883D4F4525FE311D0036B535 /* RSnakeBattleApp.swift in Sources */ = {isa = PBXBuildFile; fileRef = 883D4F4425FE311D0036B535 /* RSnakeBattleApp.swift */; };
		883D4F4725FE311D0036B535 /* ContentView.swift in Sources */ = {isa = PBXBuildFile; fileRef = 883D4F4625FE311D0036B535 /* ContentView.swift */; };
		883D4F4925FE311E0036B535 /* Assets.xcassets in Resources */ = {isa = PBXBuildFile; fileRef = 883D4F4825FE311E0036B535 /* Assets.xcassets */; };
		883D4F4C25FE311E0036B535 /* Preview Assets.xcassets in Resources */ = {isa = PBXBuildFile; fileRef = 883D4F4B25FE311E0036B535 /* Preview Assets.xcassets */; };
		883D4F5525FE3BA00036B535 /* SystemSettings.swift in Sources */ = {isa = PBXBuildFile; fileRef = 883D4F5425FE3BA00036B535 /* SystemSettings.swift */; };
		88567E682613853E00B5860F /* BoardModel.swift in Sources */ = {isa = PBXBuildFile; fileRef = 88567E672613853E00B5860F /* BoardModel.swift */; };
		886C6CB12618D71600332640 /* BoardModelView.swift in Sources */ = {isa = PBXBuildFile; fileRef = 886C6CB02618D71600332640 /* BoardModelView.swift */; };
		88A3D2D52619CF43007F0BB3 /* FruitModel.swift in Sources */ = {isa = PBXBuildFile; fileRef = 88A3D2D42619CF43007F0BB3 /* FruitModel.swift */; };
		88C55787260DD5420091603B /* SnakeModelView.swift in Sources */ = {isa = PBXBuildFile; fileRef = 88C55786260DD5420091603B /* SnakeModelView.swift */; };
		88CBDB10262304E3007C402B /* GameOverView.swift in Sources */ = {isa = PBXBuildFile; fileRef = 88CBDB0F262304E3007C402B /* GameOverView.swift */; };
		88CBDB1326230A9E007C402B /* ScoreBoardModel.swift in Sources */ = {isa = PBXBuildFile; fileRef = 88CBDB1226230A9E007C402B /* ScoreBoardModel.swift */; };
		88D4A405260756A6005138FA /* GameEngine.swift in Sources */ = {isa = PBXBuildFile; fileRef = 88D4A404260756A6005138FA /* GameEngine.swift */; };
		88D4A408260763E0005138FA /* SnakeModel.swift in Sources */ = {isa = PBXBuildFile; fileRef = 88D4A407260763E0005138FA /* SnakeModel.swift */; };
		88F6F22E261B28DB008A1C3D /* FruitModelView.swift in Sources */ = {isa = PBXBuildFile; fileRef = 88F6F22D261B28DB008A1C3D /* FruitModelView.swift */; };
/* End PBXBuildFile section */

/* Begin PBXFileReference section */
		882D59142610AF8100EB956C /* GameSettings.swift */ = {isa = PBXFileReference; lastKnownFileType = sourcecode.swift; path = GameSettings.swift; sourceTree = "<group>"; };
		883D4F4125FE311D0036B535 /* RSnakeBattle.app */ = {isa = PBXFileReference; explicitFileType = wrapper.application; includeInIndex = 0; path = RSnakeBattle.app; sourceTree = BUILT_PRODUCTS_DIR; };
		883D4F4425FE311D0036B535 /* RSnakeBattleApp.swift */ = {isa = PBXFileReference; lastKnownFileType = sourcecode.swift; path = RSnakeBattleApp.swift; sourceTree = "<group>"; };
		883D4F4625FE311D0036B535 /* ContentView.swift */ = {isa = PBXFileReference; lastKnownFileType = sourcecode.swift; path = ContentView.swift; sourceTree = "<group>"; };
		883D4F4825FE311E0036B535 /* Assets.xcassets */ = {isa = PBXFileReference; lastKnownFileType = folder.assetcatalog; path = Assets.xcassets; sourceTree = "<group>"; };
		883D4F4B25FE311E0036B535 /* Preview Assets.xcassets */ = {isa = PBXFileReference; lastKnownFileType = folder.assetcatalog; path = "Preview Assets.xcassets"; sourceTree = "<group>"; };
		883D4F4D25FE311E0036B535 /* Info.plist */ = {isa = PBXFileReference; lastKnownFileType = text.plist.xml; path = Info.plist; sourceTree = "<group>"; };
		883D4F5425FE3BA00036B535 /* SystemSettings.swift */ = {isa = PBXFileReference; lastKnownFileType = sourcecode.swift; name = SystemSettings.swift; path = /Users/piotrrybka/Swift_Workspace/RSnakeBattle/RSnakeBattle/RSnakeBattle/SystemSettings.swift; sourceTree = "<absolute>"; };
		88567E672613853E00B5860F /* BoardModel.swift */ = {isa = PBXFileReference; lastKnownFileType = sourcecode.swift; path = BoardModel.swift; sourceTree = "<group>"; };
		886C6CB02618D71600332640 /* BoardModelView.swift */ = {isa = PBXFileReference; lastKnownFileType = sourcecode.swift; path = BoardModelView.swift; sourceTree = "<group>"; };
		88A3D2D42619CF43007F0BB3 /* FruitModel.swift */ = {isa = PBXFileReference; lastKnownFileType = sourcecode.swift; path = FruitModel.swift; sourceTree = "<group>"; };
		88C55786260DD5420091603B /* SnakeModelView.swift */ = {isa = PBXFileReference; lastKnownFileType = sourcecode.swift; path = SnakeModelView.swift; sourceTree = "<group>"; };
		88CBDB0F262304E3007C402B /* GameOverView.swift */ = {isa = PBXFileReference; lastKnownFileType = sourcecode.swift; path = GameOverView.swift; sourceTree = "<group>"; };
		88CBDB1226230A9E007C402B /* ScoreBoardModel.swift */ = {isa = PBXFileReference; lastKnownFileType = sourcecode.swift; path = ScoreBoardModel.swift; sourceTree = "<group>"; };
		88D4A404260756A6005138FA /* GameEngine.swift */ = {isa = PBXFileReference; lastKnownFileType = sourcecode.swift; path = GameEngine.swift; sourceTree = "<group>"; };
		88D4A407260763E0005138FA /* SnakeModel.swift */ = {isa = PBXFileReference; lastKnownFileType = sourcecode.swift; path = SnakeModel.swift; sourceTree = "<group>"; };
		88F6F22D261B28DB008A1C3D /* FruitModelView.swift */ = {isa = PBXFileReference; lastKnownFileType = sourcecode.swift; path = FruitModelView.swift; sourceTree = "<group>"; };
/* End PBXFileReference section */

/* Begin PBXFrameworksBuildPhase section */
		883D4F3E25FE311D0036B535 /* Frameworks */ = {
			isa = PBXFrameworksBuildPhase;
			buildActionMask = 2147483647;
			files = (
			);
			runOnlyForDeploymentPostprocessing = 0;
		};
/* End PBXFrameworksBuildPhase section */

/* Begin PBXGroup section */
		883D4F3825FE311D0036B535 = {
			isa = PBXGroup;
			children = (
				883D4F4325FE311D0036B535 /* RSnakeBattle */,
				883D4F4225FE311D0036B535 /* Products */,
			);
			sourceTree = "<group>";
		};
		883D4F4225FE311D0036B535 /* Products */ = {
			isa = PBXGroup;
			children = (
				883D4F4125FE311D0036B535 /* RSnakeBattle.app */,
			);
			name = Products;
			sourceTree = "<group>";
		};
		883D4F4325FE311D0036B535 /* RSnakeBattle */ = {
			isa = PBXGroup;
			children = (
				88DC805D2634889F0085DFC6 /* View */,
				88DC805C263488500085DFC6 /* ViewModel */,
				88DC805B2634882A0085DFC6 /* Model */,
				883D4F5425FE3BA00036B535 /* SystemSettings.swift */,
				882D59142610AF8100EB956C /* GameSettings.swift */,
				883D4F4425FE311D0036B535 /* RSnakeBattleApp.swift */,
				883D4F4625FE311D0036B535 /* ContentView.swift */,
				883D4F4825FE311E0036B535 /* Assets.xcassets */,
				883D4F4D25FE311E0036B535 /* Info.plist */,
				883D4F4A25FE311E0036B535 /* Preview Content */,
			);
			path = RSnakeBattle;
			sourceTree = "<group>";
		};
		883D4F4A25FE311E0036B535 /* Preview Content */ = {
			isa = PBXGroup;
			children = (
				883D4F4B25FE311E0036B535 /* Preview Assets.xcassets */,
			);
			path = "Preview Content";
			sourceTree = "<group>";
		};
		88DC805B2634882A0085DFC6 /* Model */ = {
			isa = PBXGroup;
			children = (
				88D4A407260763E0005138FA /* SnakeModel.swift */,
				88567E672613853E00B5860F /* BoardModel.swift */,
				88A3D2D42619CF43007F0BB3 /* FruitModel.swift */,
				88CBDB1226230A9E007C402B /* ScoreBoardModel.swift */,
			);
			path = Model;
			sourceTree = "<group>";
		};
		88DC805C263488500085DFC6 /* ViewModel */ = {
			isa = PBXGroup;
			children = (
				88F6F22D261B28DB008A1C3D /* FruitModelView.swift */,
				886C6CB02618D71600332640 /* BoardModelView.swift */,
				88C55786260DD5420091603B /* SnakeModelView.swift */,
			);
			path = ViewModel;
			sourceTree = "<group>";
		};
		88DC805D2634889F0085DFC6 /* View */ = {
			isa = PBXGroup;
			children = (
				88CBDB0F262304E3007C402B /* GameOverView.swift */,
				88D4A404260756A6005138FA /* GameEngine.swift */,
			);
			path = View;
			sourceTree = "<group>";
		};
/* End PBXGroup section */

/* Begin PBXNativeTarget section */
		883D4F4025FE311D0036B535 /* RSnakeBattle */ = {
			isa = PBXNativeTarget;
			buildConfigurationList = 883D4F5025FE311E0036B535 /* Build configuration list for PBXNativeTarget "RSnakeBattle" */;
			buildPhases = (
				883D4F3D25FE311D0036B535 /* Sources */,
				883D4F3E25FE311D0036B535 /* Frameworks */,
				883D4F3F25FE311D0036B535 /* Resources */,
			);
			buildRules = (
			);
			dependencies = (
			);
			name = RSnakeBattle;
			productName = RSnakeBattle;
			productReference = 883D4F4125FE311D0036B535 /* RSnakeBattle.app */;
			productType = "com.apple.product-type.application";
		};
/* End PBXNativeTarget section */

/* Begin PBXProject section */
		883D4F3925FE311D0036B535 /* Project object */ = {
			isa = PBXProject;
			attributes = {
				LastSwiftUpdateCheck = 1240;
				LastUpgradeCheck = 1240;
				TargetAttributes = {
					883D4F4025FE311D0036B535 = {
						CreatedOnToolsVersion = 12.4;
					};
				};
			};
			buildConfigurationList = 883D4F3C25FE311D0036B535 /* Build configuration list for PBXProject "RSnakeBattle" */;
			compatibilityVersion = "Xcode 9.3";
			developmentRegion = en;
			hasScannedForEncodings = 0;
			knownRegions = (
				en,
				Base,
			);
			mainGroup = 883D4F3825FE311D0036B535;
			productRefGroup = 883D4F4225FE311D0036B535 /* Products */;
			projectDirPath = "";
			projectRoot = "";
			targets = (
				883D4F4025FE311D0036B535 /* RSnakeBattle */,
			);
		};
/* End PBXProject section */

/* Begin PBXResourcesBuildPhase section */
		883D4F3F25FE311D0036B535 /* Resources */ = {
			isa = PBXResourcesBuildPhase;
			buildActionMask = 2147483647;
			files = (
				883D4F4C25FE311E0036B535 /* Preview Assets.xcassets in Resources */,
				883D4F4925FE311E0036B535 /* Assets.xcassets in Resources */,
			);
			runOnlyForDeploymentPostprocessing = 0;
		};
/* End PBXResourcesBuildPhase section */

/* Begin PBXSourcesBuildPhase section */
		883D4F3D25FE311D0036B535 /* Sources */ = {
			isa = PBXSourcesBuildPhase;
			buildActionMask = 2147483647;
			files = (
				882D59152610AF8100EB956C /* GameSettings.swift in Sources */,
				88D4A405260756A6005138FA /* GameEngine.swift in Sources */,
				883D4F4725FE311D0036B535 /* ContentView.swift in Sources */,
				883D4F4525FE311D0036B535 /* RSnakeBattleApp.swift in Sources */,
				883D4F5525FE3BA00036B535 /* SystemSettings.swift in Sources */,
				88CBDB1326230A9E007C402B /* ScoreBoardModel.swift in Sources */,
				88A3D2D52619CF43007F0BB3 /* FruitModel.swift in Sources */,
				886C6CB12618D71600332640 /* BoardModelView.swift in Sources */,
				88C55787260DD5420091603B /* SnakeModelView.swift in Sources */,
				88567E682613853E00B5860F /* BoardModel.swift in Sources */,
				88F6F22E261B28DB008A1C3D /* FruitModelView.swift in Sources */,
				88D4A408260763E0005138FA /* SnakeModel.swift in Sources */,
				88CBDB10262304E3007C402B /* GameOverView.swift in Sources */,
			);
			runOnlyForDeploymentPostprocessing = 0;
		};
/* End PBXSourcesBuildPhase section */

/* Begin XCBuildConfiguration section */
		883D4F4E25FE311E0036B535 /* Debug */ = {
			isa = XCBuildConfiguration;
			buildSettings = {
				ALWAYS_SEARCH_USER_PATHS = NO;
				CLANG_ANALYZER_NONNULL = YES;
				CLANG_ANALYZER_NUMBER_OBJECT_CONVERSION = YES_AGGRESSIVE;
				CLANG_CXX_LANGUAGE_STANDARD = "gnu++14";
				CLANG_CXX_LIBRARY = "libc++";
				CLANG_ENABLE_MODULES = YES;
				CLANG_ENABLE_OBJC_ARC = YES;
				CLANG_ENABLE_OBJC_WEAK = YES;
				CLANG_WARN_BLOCK_CAPTURE_AUTORELEASING = YES;
				CLANG_WARN_BOOL_CONVERSION = YES;
				CLANG_WARN_COMMA = YES;
				CLANG_WARN_CONSTANT_CONVERSION = YES;
				CLANG_WARN_DEPRECATED_OBJC_IMPLEMENTATIONS = YES;
				CLANG_WARN_DIRECT_OBJC_ISA_USAGE = YES_ERROR;
				CLANG_WARN_DOCUMENTATION_COMMENTS = YES;
				CLANG_WARN_EMPTY_BODY = YES;
				CLANG_WARN_ENUM_CONVERSION = YES;
				CLANG_WARN_INFINITE_RECURSION = YES;
				CLANG_WARN_INT_CONVERSION = YES;
				CLANG_WARN_NON_LITERAL_NULL_CONVERSION = YES;
				CLANG_WARN_OBJC_IMPLICIT_RETAIN_SELF = YES;
				CLANG_WARN_OBJC_LITERAL_CONVERSION = YES;
				CLANG_WARN_OBJC_ROOT_CLASS = YES_ERROR;
				CLANG_WARN_QUOTED_INCLUDE_IN_FRAMEWORK_HEADER = YES;
				CLANG_WARN_RANGE_LOOP_ANALYSIS = YES;
				CLANG_WARN_STRICT_PROTOTYPES = YES;
				CLANG_WARN_SUSPICIOUS_MOVE = YES;
				CLANG_WARN_UNGUARDED_AVAILABILITY = YES_AGGRESSIVE;
				CLANG_WARN_UNREACHABLE_CODE = YES;
				CLANG_WARN__DUPLICATE_METHOD_MATCH = YES;
				COPY_PHASE_STRIP = NO;
				DEBUG_INFORMATION_FORMAT = dwarf;
				ENABLE_STRICT_OBJC_MSGSEND = YES;
				ENABLE_TESTABILITY = YES;
				GCC_C_LANGUAGE_STANDARD = gnu11;
				GCC_DYNAMIC_NO_PIC = NO;
				GCC_NO_COMMON_BLOCKS = YES;
				GCC_OPTIMIZATION_LEVEL = 0;
				GCC_PREPROCESSOR_DEFINITIONS = (
					"DEBUG=1",
					"$(inherited)",
				);
				GCC_WARN_64_TO_32_BIT_CONVERSION = YES;
				GCC_WARN_ABOUT_RETURN_TYPE = YES_ERROR;
				GCC_WARN_UNDECLARED_SELECTOR = YES;
				GCC_WARN_UNINITIALIZED_AUTOS = YES_AGGRESSIVE;
				GCC_WARN_UNUSED_FUNCTION = YES;
				GCC_WARN_UNUSED_VARIABLE = YES;
				IPHONEOS_DEPLOYMENT_TARGET = 14.4;
				MTL_ENABLE_DEBUG_INFO = INCLUDE_SOURCE;
				MTL_FAST_MATH = YES;
				ONLY_ACTIVE_ARCH = YES;
				SDKROOT = iphoneos;
				SWIFT_ACTIVE_COMPILATION_CONDITIONS = DEBUG;
				SWIFT_OPTIMIZATION_LEVEL = "-Onone";
			};
			name = Debug;
		};
		883D4F4F25FE311E0036B535 /* Release */ = {
			isa = XCBuildConfiguration;
			buildSettings = {
				ALWAYS_SEARCH_USER_PATHS = NO;
				CLANG_ANALYZER_NONNULL = YES;
				CLANG_ANALYZER_NUMBER_OBJECT_CONVERSION = YES_AGGRESSIVE;
				CLANG_CXX_LANGUAGE_STANDARD = "gnu++14";
				CLANG_CXX_LIBRARY = "libc++";
				CLANG_ENABLE_MODULES = YES;
				CLANG_ENABLE_OBJC_ARC = YES;
				CLANG_ENABLE_OBJC_WEAK = YES;
				CLANG_WARN_BLOCK_CAPTURE_AUTORELEASING = YES;
				CLANG_WARN_BOOL_CONVERSION = YES;
				CLANG_WARN_COMMA = YES;
				CLANG_WARN_CONSTANT_CONVERSION = YES;
				CLANG_WARN_DEPRECATED_OBJC_IMPLEMENTATIONS = YES;
				CLANG_WARN_DIRECT_OBJC_ISA_USAGE = YES_ERROR;
				CLANG_WARN_DOCUMENTATION_COMMENTS = YES;
				CLANG_WARN_EMPTY_BODY = YES;
				CLANG_WARN_ENUM_CONVERSION = YES;
				CLANG_WARN_INFINITE_RECURSION = YES;
				CLANG_WARN_INT_CONVERSION = YES;
				CLANG_WARN_NON_LITERAL_NULL_CONVERSION = YES;
				CLANG_WARN_OBJC_IMPLICIT_RETAIN_SELF = YES;
				CLANG_WARN_OBJC_LITERAL_CONVERSION = YES;
				CLANG_WARN_OBJC_ROOT_CLASS = YES_ERROR;
				CLANG_WARN_QUOTED_INCLUDE_IN_FRAMEWORK_HEADER = YES;
				CLANG_WARN_RANGE_LOOP_ANALYSIS = YES;
				CLANG_WARN_STRICT_PROTOTYPES = YES;
				CLANG_WARN_SUSPICIOUS_MOVE = YES;
				CLANG_WARN_UNGUARDED_AVAILABILITY = YES_AGGRESSIVE;
				CLANG_WARN_UNREACHABLE_CODE = YES;
				CLANG_WARN__DUPLICATE_METHOD_MATCH = YES;
				COPY_PHASE_STRIP = NO;
				DEBUG_INFORMATION_FORMAT = "dwarf-with-dsym";
				ENABLE_NS_ASSERTIONS = NO;
				ENABLE_STRICT_OBJC_MSGSEND = YES;
				GCC_C_LANGUAGE_STANDARD = gnu11;
				GCC_NO_COMMON_BLOCKS = YES;
				GCC_WARN_64_TO_32_BIT_CONVERSION = YES;
				GCC_WARN_ABOUT_RETURN_TYPE = YES_ERROR;
				GCC_WARN_UNDECLARED_SELECTOR = YES;
				GCC_WARN_UNINITIALIZED_AUTOS = YES_AGGRESSIVE;
				GCC_WARN_UNUSED_FUNCTION = YES;
				GCC_WARN_UNUSED_VARIABLE = YES;
				IPHONEOS_DEPLOYMENT_TARGET = 14.4;
				MTL_ENABLE_DEBUG_INFO = NO;
				MTL_FAST_MATH = YES;
				SDKROOT = iphoneos;
				SWIFT_COMPILATION_MODE = wholemodule;
				SWIFT_OPTIMIZATION_LEVEL = "-O";
				VALIDATE_PRODUCT = YES;
			};
			name = Release;
		};
		883D4F5125FE311E0036B535 /* Debug */ = {
			isa = XCBuildConfiguration;
			buildSettings = {
				ASSETCATALOG_COMPILER_APPICON_NAME = AppIcon;
				ASSETCATALOG_COMPILER_GLOBAL_ACCENT_COLOR_NAME = AccentColor;
				CODE_SIGN_STYLE = Automatic;
				DEVELOPMENT_ASSET_PATHS = "\"RSnakeBattle/Preview Content\"";
				DEVELOPMENT_TEAM = 5635J3PT63;
				ENABLE_PREVIEWS = YES;
				INFOPLIST_FILE = RSnakeBattle/Info.plist;
				IPHONEOS_DEPLOYMENT_TARGET = 14.0;
				LD_RUNPATH_SEARCH_PATHS = (
					"$(inherited)",
					"@executable_path/Frameworks",
				);
				PRODUCT_BUNDLE_IDENTIFIER = Calkas.RSnakeBattle;
				PRODUCT_NAME = "$(TARGET_NAME)";
				SWIFT_VERSION = 5.0;
				TARGETED_DEVICE_FAMILY = "1,2";
			};
			name = Debug;
		};
		883D4F5225FE311E0036B535 /* Release */ = {
			isa = XCBuildConfiguration;
			buildSettings = {
				ASSETCATALOG_COMPILER_APPICON_NAME = AppIcon;
				ASSETCATALOG_COMPILER_GLOBAL_ACCENT_COLOR_NAME = AccentColor;
				CODE_SIGN_STYLE = Automatic;
				DEVELOPMENT_ASSET_PATHS = "\"RSnakeBattle/Preview Content\"";
				DEVELOPMENT_TEAM = 5635J3PT63;
				ENABLE_PREVIEWS = YES;
				INFOPLIST_FILE = RSnakeBattle/Info.plist;
				IPHONEOS_DEPLOYMENT_TARGET = 14.0;
				LD_RUNPATH_SEARCH_PATHS = (
					"$(inherited)",
					"@executable_path/Frameworks",
				);
				PRODUCT_BUNDLE_IDENTIFIER = Calkas.RSnakeBattle;
				PRODUCT_NAME = "$(TARGET_NAME)";
				SWIFT_VERSION = 5.0;
				TARGETED_DEVICE_FAMILY = "1,2";
			};
			name = Release;
		};
/* End XCBuildConfiguration section */

/* Begin XCConfigurationList section */
		883D4F3C25FE311D0036B535 /* Build configuration list for PBXProject "RSnakeBattle" */ = {
			isa = XCConfigurationList;
			buildConfigurations = (
				883D4F4E25FE311E0036B535 /* Debug */,
				883D4F4F25FE311E0036B535 /* Release */,
			);
			defaultConfigurationIsVisible = 0;
			defaultConfigurationName = Release;
		};
		883D4F5025FE311E0036B535 /* Build configuration list for PBXNativeTarget "RSnakeBattle" */ = {
			isa = XCConfigurationList;
			buildConfigurations = (
				883D4F5125FE311E0036B535 /* Debug */,
				883D4F5225FE311E0036B535 /* Release */,
			);
			defaultConfigurationIsVisible = 0;
			defaultConfigurationName = Release;
		};
/* End XCConfigurationList section */
	};
	rootObject = 883D4F3925FE311D0036B535 /* Project object */;
}
